
Microsoft Visual Studio Solution File, Format Version 12.00
# Visual Studio Version 16
VisualStudioVersion = 16.0.32126.315
MinimumVisualStudioVersion = 10.0.40219.1
Project("{FAE04EC0-301F-11D3-BF4B-00C04F79EFBC}") = "DentResistanceOilCanningUpgrade", "DentResistanceOilCanningUpgrade.csproj", "{FC6807F9-5659-4317-8EBC-0F303325AFF7}"
EndProject
Project("{FAE04EC0-301F-11D3-BF4B-00C04F79EFBC}") = "Dent-Oil-Canning2", "..\DentResistanceOilCanning\Dent-Oil-Canning2\Dent-Oil-Canning2.csproj", "{5245F58A-2B13-4DE2-A35E-3BC77F00223E}"
EndProject
Project("{E24C65DC-7377-472B-9ABA-BC803B73C61A}") = "SenchaTesting", "..\SenchaTesting\", "{BB3CA8EC-838C-483B-9D73-E832A766F8CF}"
	ProjectSection(WebsiteProperties) = preProject
		TargetFrameworkMoniker = ".NETFramework,Version%3Dv4.0"
		Debug.AspNetCompiler.VirtualPath = "/localhost_58042"
		Debug.AspNetCompiler.PhysicalPath = "..\SenchaTesting\"
		Debug.AspNetCompiler.TargetPath = "PrecompiledWeb\localhost_58042\"
		Debug.AspNetCompiler.Updateable = "true"
		Debug.AspNetCompiler.ForceOverwrite = "true"
		Debug.AspNetCompiler.FixedNames = "false"
		Debug.AspNetCompiler.Debug = "True"
		Release.AspNetCompiler.VirtualPath = "/localhost_58042"
		Release.AspNetCompiler.PhysicalPath = "..\SenchaTesting\"
		Release.AspNetCompiler.TargetPath = "PrecompiledWeb\localhost_58042\"
		Release.AspNetCompiler.Updateable = "true"
		Release.AspNetCompiler.ForceOverwrite = "true"
		Release.AspNetCompiler.FixedNames = "false"
		Release.AspNetCompiler.Debug = "False"
		VWDPort = "58042"
		SlnRelativePath = "..\SenchaTesting\"
	EndProjectSection
EndProject
Project("{E24C65DC-7377-472B-9ABA-BC803B73C61A}") = "ChartsTesting", "..\ChartsTesting\", "{10CFFABA-8735-49F8-BB31-CD06E5FE9181}"
	ProjectSection(WebsiteProperties) = preProject
		TargetFrameworkMoniker = ".NETFramework,Version%3Dv4.0"
		Debug.AspNetCompiler.VirtualPath = "/localhost_64510"
		Debug.AspNetCompiler.PhysicalPath = "..\ChartsTesting\"
		Debug.AspNetCompiler.TargetPath = "PrecompiledWeb\localhost_64510\"
		Debug.AspNetCompiler.Updateable = "true"
		Debug.AspNetCompiler.ForceOverwrite = "true"
		Debug.AspNetCompiler.FixedNames = "false"
		Debug.AspNetCompiler.Debug = "True"
		Release.AspNetCompiler.VirtualPath = "/localhost_64510"
		Release.AspNetCompiler.PhysicalPath = "..\ChartsTesting\"
		Release.AspNetCompiler.TargetPath = "PrecompiledWeb\localhost_64510\"
		Release.AspNetCompiler.Updateable = "true"
		Release.AspNetCompiler.ForceOverwrite = "true"
		Release.AspNetCompiler.FixedNames = "false"
		Release.AspNetCompiler.Debug = "False"
		VWDPort = "64510"
	EndProjectSection
EndProject
Global
	GlobalSection(SolutionConfigurationPlatforms) = preSolution
		Debug|Any CPU = Debug|Any CPU
		Release|Any CPU = Release|Any CPU
	EndGlobalSection
	GlobalSection(ProjectConfigurationPlatforms) = postSolution
		{FC6807F9-5659-4317-8EBC-0F303325AFF7}.Debug|Any CPU.ActiveCfg = Debug|Any CPU
		{FC6807F9-5659-4317-8EBC-0F303325AFF7}.Debug|Any CPU.Build.0 = Debug|Any CPU
		{FC6807F9-5659-4317-8EBC-0F303325AFF7}.Release|Any CPU.ActiveCfg = Release|Any CPU
		{FC6807F9-5659-4317-8EBC-0F303325AFF7}.Release|Any CPU.Build.0 = Release|Any CPU
		{5245F58A-2B13-4DE2-A35E-3BC77F00223E}.Debug|Any CPU.ActiveCfg = Debug|Any CPU
		{5245F58A-2B13-4DE2-A35E-3BC77F00223E}.Debug|Any CPU.Build.0 = Debug|Any CPU
		{5245F58A-2B13-4DE2-A35E-3BC77F00223E}.Release|Any CPU.ActiveCfg = Release|Any CPU
		{5245F58A-2B13-4DE2-A35E-3BC77F00223E}.Release|Any CPU.Build.0 = Release|Any CPU
		{BB3CA8EC-838C-483B-9D73-E832A766F8CF}.Debug|Any CPU.ActiveCfg = Debug|Any CPU
		{BB3CA8EC-838C-483B-9D73-E832A766F8CF}.Debug|Any CPU.Build.0 = Debug|Any CPU
		{BB3CA8EC-838C-483B-9D73-E832A766F8CF}.Release|Any CPU.ActiveCfg = Debug|Any CPU
		{BB3CA8EC-838C-483B-9D73-E832A766F8CF}.Release|Any CPU.Build.0 = Debug|Any CPU
		{10CFFABA-8735-49F8-BB31-CD06E5FE9181}.Debug|Any CPU.ActiveCfg = Debug|Any CPU
		{10CFFABA-8735-49F8-BB31-CD06E5FE9181}.Debug|Any CPU.Build.0 = Debug|Any CPU
		{10CFFABA-8735-49F8-BB31-CD06E5FE9181}.Release|Any CPU.ActiveCfg = Debug|Any CPU
		{10CFFABA-8735-49F8-BB31-CD06E5FE9181}.Release|Any CPU.Build.0 = Debug|Any CPU
	EndGlobalSection
	GlobalSection(SolutionProperties) = preSolution
		HideSolutionNode = FALSE
	EndGlobalSection
	GlobalSection(ExtensibilityGlobals) = postSolution
		SolutionGuid = {DC4EAE10-95C6-4568-ABFE-EB985DCF093D}
	EndGlobalSection
EndGlobal
